
Microsoft Visual Studio Solution File, Format Version 12.00
# Visual Studio 15
VisualStudioVersion = 15.0.28010.2003
MinimumVisualStudioVersion = 10.0.40219.1
Project("{FAE04EC0-301F-11D3-BF4B-00C04F79EFBC}") = "mscheck-1b1", "mscheck-1b1\mscheck-1b1.csproj", "{DB8F6796-034D-4B3E-8475-5CFF1D42A5E2}"
EndProject
Project("{FAE04EC0-301F-11D3-BF4B-00C04F79EFBC}") = "mischeck1C1", "mischeck1C1\mischeck1C1.csproj", "{293BCAE5-C1F1-4A9A-917F-655E49397B9A}"
EndProject
Global
	GlobalSection(SolutionConfigurationPlatforms) = preSolution
		Debug|Any CPU = Debug|Any CPU
		Release|Any CPU = Release|Any CPU
	EndGlobalSection
	GlobalSection(ProjectConfigurationPlatforms) = postSolution
		{DB8F6796-034D-4B3E-8475-5CFF1D42A5E2}.Debug|Any CPU.ActiveCfg = Debug|Any CPU
		{DB8F6796-034D-4B3E-8475-5CFF1D42A5E2}.Debug|Any CPU.Build.0 = Debug|Any CPU
		{DB8F6796-034D-4B3E-8475-5CFF1D42A5E2}.Release|Any CPU.ActiveCfg = Release|Any CPU
		{DB8F6796-034D-4B3E-8475-5CFF1D42A5E2}.Release|Any CPU.Build.0 = Release|Any CPU
		{293BCAE5-C1F1-4A9A-917F-655E49397B9A}.Debug|Any CPU.ActiveCfg = Debug|Any CPU
		{293BCAE5-C1F1-4A9A-917F-655E49397B9A}.Debug|Any CPU.Build.0 = Debug|Any CPU
		{293BCAE5-C1F1-4A9A-917F-655E49397B9A}.Release|Any CPU.ActiveCfg = Release|Any CPU
		{293BCAE5-C1F1-4A9A-917F-655E49397B9A}.Release|Any CPU.Build.0 = Release|Any CPU
	EndGlobalSection
	GlobalSection(SolutionProperties) = preSolution
		HideSolutionNode = FALSE
	EndGlobalSection
	GlobalSection(ExtensibilityGlobals) = postSolution
		SolutionGuid = {929E0D93-91EA-492C-9FC7-71C5CAE25A54}
	EndGlobalSection
EndGlobal
