
Microsoft Visual Studio Solution File, Format Version 12.00
# Visual Studio 15
VisualStudioVersion = 15.0.28010.2003
MinimumVisualStudioVersion = 10.0.40219.1
Project("{FAE04EC0-301F-11D3-BF4B-00C04F79EFBC}") = "mscheck-1b1", "mscheck-1b1\mscheck-1b1.csproj", "{DB8F6796-034D-4B3E-8475-5CFF1D42A5E2}"
EndProject
Project("{FAE04EC0-301F-11D3-BF4B-00C04F79EFBC}") = "mischeck1C1", "mischeck1C1\mischeck1C1.csproj", "{293BCAE5-C1F1-4A9A-917F-655E49397B9A}"
EndProject
Project("{FAE04EC0-301F-11D3-BF4B-00C04F79EFBC}") = "mscheck1d1", "mscheck1d1\mscheck1d1\mscheck1d1.csproj", "{75FE8355-2C86-4EC7-8118-E104CFCC8DA6}"
EndProject
Project("{FAE04EC0-301F-11D3-BF4B-00C04F79EFBC}") = "mscheck1e1", "mscheck1e1\mscheck1e1.csproj", "{BC72B87C-659B-4A4F-BC9A-928F4BA6F04A}"
EndProject
Project("{FAE04EC0-301F-11D3-BF4B-00C04F79EFBC}") = "mscheck-1d", "mscheck-1d\mscheck-1d.csproj", "{8765E4B0-2E81-40C2-9A3A-04842BDC8E98}"
EndProject
Project("{FAE04EC0-301F-11D3-BF4B-00C04F79EFBC}") = "mscheck1f1", "mscheck1f1\mscheck1f1.csproj", "{9245EC3F-D333-4F4D-A82A-7F276DC88302}"
EndProject
Project("{FAE04EC0-301F-11D3-BF4B-00C04F79EFBC}") = "mscheck1g1", "WindowsFormsApp1\mscheck1g1.csproj", "{6EC7FFBF-00E2-4708-97BD-CD5C5F515CE2}"
EndProject
Project("{FAE04EC0-301F-11D3-BF4B-00C04F79EFBC}") = "mscheck2A1", "mscheck2A1\mscheck2A1.csproj", "{11EE4B4A-2612-4FF4-9ADE-18D9440AE003}"
EndProject
Project("{FAE04EC0-301F-11D3-BF4B-00C04F79EFBC}") = "mscheck2B1.2", "mscheck2B1.2\mscheck2B1.2.csproj", "{95D66F82-FD66-44B1-A387-490214178DB3}"
EndProject
Project("{FAE04EC0-301F-11D3-BF4B-00C04F79EFBC}") = "mscheck2c1-", "mscheck2c1-\mscheck2c1-.csproj", "{6B2767AB-A925-4DD8-9A5B-D742F3A7C87D}"
EndProject
Project("{FAE04EC0-301F-11D3-BF4B-00C04F79EFBC}") = "mscheck2E1", "mscheck2E1\mscheck2E1.csproj", "{1F04A806-080E-4504-8C95-7312B8B8592B}"
EndProject
Project("{FAE04EC0-301F-11D3-BF4B-00C04F79EFBC}") = "mscheck2E1UnitTests", "mscheck2E1UnitTests\mscheck2E1UnitTests.csproj", "{DAF9351C-D646-4BC1-8E2F-F6C320029BCF}"
EndProject
Global
	GlobalSection(SolutionConfigurationPlatforms) = preSolution
		Debug|Any CPU = Debug|Any CPU
		Release|Any CPU = Release|Any CPU
	EndGlobalSection
	GlobalSection(ProjectConfigurationPlatforms) = postSolution
		{DB8F6796-034D-4B3E-8475-5CFF1D42A5E2}.Debug|Any CPU.ActiveCfg = Debug|Any CPU
		{DB8F6796-034D-4B3E-8475-5CFF1D42A5E2}.Debug|Any CPU.Build.0 = Debug|Any CPU
		{DB8F6796-034D-4B3E-8475-5CFF1D42A5E2}.Release|Any CPU.ActiveCfg = Release|Any CPU
		{DB8F6796-034D-4B3E-8475-5CFF1D42A5E2}.Release|Any CPU.Build.0 = Release|Any CPU
		{293BCAE5-C1F1-4A9A-917F-655E49397B9A}.Debug|Any CPU.ActiveCfg = Debug|Any CPU
		{293BCAE5-C1F1-4A9A-917F-655E49397B9A}.Debug|Any CPU.Build.0 = Debug|Any CPU
		{293BCAE5-C1F1-4A9A-917F-655E49397B9A}.Release|Any CPU.ActiveCfg = Release|Any CPU
		{293BCAE5-C1F1-4A9A-917F-655E49397B9A}.Release|Any CPU.Build.0 = Release|Any CPU
		{75FE8355-2C86-4EC7-8118-E104CFCC8DA6}.Debug|Any CPU.ActiveCfg = Debug|Any CPU
		{75FE8355-2C86-4EC7-8118-E104CFCC8DA6}.Debug|Any CPU.Build.0 = Debug|Any CPU
		{75FE8355-2C86-4EC7-8118-E104CFCC8DA6}.Release|Any CPU.ActiveCfg = Release|Any CPU
		{75FE8355-2C86-4EC7-8118-E104CFCC8DA6}.Release|Any CPU.Build.0 = Release|Any CPU
		{BC72B87C-659B-4A4F-BC9A-928F4BA6F04A}.Debug|Any CPU.ActiveCfg = Debug|Any CPU
		{BC72B87C-659B-4A4F-BC9A-928F4BA6F04A}.Debug|Any CPU.Build.0 = Debug|Any CPU
		{BC72B87C-659B-4A4F-BC9A-928F4BA6F04A}.Release|Any CPU.ActiveCfg = Release|Any CPU
		{BC72B87C-659B-4A4F-BC9A-928F4BA6F04A}.Release|Any CPU.Build.0 = Release|Any CPU
		{8765E4B0-2E81-40C2-9A3A-04842BDC8E98}.Debug|Any CPU.ActiveCfg = Debug|Any CPU
		{8765E4B0-2E81-40C2-9A3A-04842BDC8E98}.Debug|Any CPU.Build.0 = Debug|Any CPU
		{8765E4B0-2E81-40C2-9A3A-04842BDC8E98}.Release|Any CPU.ActiveCfg = Release|Any CPU
		{8765E4B0-2E81-40C2-9A3A-04842BDC8E98}.Release|Any CPU.Build.0 = Release|Any CPU
		{9245EC3F-D333-4F4D-A82A-7F276DC88302}.Debug|Any CPU.ActiveCfg = Debug|Any CPU
		{9245EC3F-D333-4F4D-A82A-7F276DC88302}.Debug|Any CPU.Build.0 = Debug|Any CPU
		{9245EC3F-D333-4F4D-A82A-7F276DC88302}.Release|Any CPU.ActiveCfg = Release|Any CPU
		{9245EC3F-D333-4F4D-A82A-7F276DC88302}.Release|Any CPU.Build.0 = Release|Any CPU
		{6EC7FFBF-00E2-4708-97BD-CD5C5F515CE2}.Debug|Any CPU.ActiveCfg = Debug|Any CPU
		{6EC7FFBF-00E2-4708-97BD-CD5C5F515CE2}.Debug|Any CPU.Build.0 = Debug|Any CPU
		{6EC7FFBF-00E2-4708-97BD-CD5C5F515CE2}.Release|Any CPU.ActiveCfg = Release|Any CPU
		{6EC7FFBF-00E2-4708-97BD-CD5C5F515CE2}.Release|Any CPU.Build.0 = Release|Any CPU
		{11EE4B4A-2612-4FF4-9ADE-18D9440AE003}.Debug|Any CPU.ActiveCfg = Debug|Any CPU
		{11EE4B4A-2612-4FF4-9ADE-18D9440AE003}.Debug|Any CPU.Build.0 = Debug|Any CPU
		{11EE4B4A-2612-4FF4-9ADE-18D9440AE003}.Release|Any CPU.ActiveCfg = Release|Any CPU
		{11EE4B4A-2612-4FF4-9ADE-18D9440AE003}.Release|Any CPU.Build.0 = Release|Any CPU
		{95D66F82-FD66-44B1-A387-490214178DB3}.Debug|Any CPU.ActiveCfg = Debug|Any CPU
		{95D66F82-FD66-44B1-A387-490214178DB3}.Debug|Any CPU.Build.0 = Debug|Any CPU
		{95D66F82-FD66-44B1-A387-490214178DB3}.Release|Any CPU.ActiveCfg = Release|Any CPU
		{95D66F82-FD66-44B1-A387-490214178DB3}.Release|Any CPU.Build.0 = Release|Any CPU
		{6B2767AB-A925-4DD8-9A5B-D742F3A7C87D}.Debug|Any CPU.ActiveCfg = Debug|Any CPU
		{6B2767AB-A925-4DD8-9A5B-D742F3A7C87D}.Debug|Any CPU.Build.0 = Debug|Any CPU
		{6B2767AB-A925-4DD8-9A5B-D742F3A7C87D}.Release|Any CPU.ActiveCfg = Release|Any CPU
		{6B2767AB-A925-4DD8-9A5B-D742F3A7C87D}.Release|Any CPU.Build.0 = Release|Any CPU
		{1F04A806-080E-4504-8C95-7312B8B8592B}.Debug|Any CPU.ActiveCfg = Debug|Any CPU
		{1F04A806-080E-4504-8C95-7312B8B8592B}.Debug|Any CPU.Build.0 = Debug|Any CPU
		{1F04A806-080E-4504-8C95-7312B8B8592B}.Release|Any CPU.ActiveCfg = Release|Any CPU
		{1F04A806-080E-4504-8C95-7312B8B8592B}.Release|Any CPU.Build.0 = Release|Any CPU
		{DAF9351C-D646-4BC1-8E2F-F6C320029BCF}.Debug|Any CPU.ActiveCfg = Debug|Any CPU
		{DAF9351C-D646-4BC1-8E2F-F6C320029BCF}.Debug|Any CPU.Build.0 = Debug|Any CPU
		{DAF9351C-D646-4BC1-8E2F-F6C320029BCF}.Release|Any CPU.ActiveCfg = Release|Any CPU
		{DAF9351C-D646-4BC1-8E2F-F6C320029BCF}.Release|Any CPU.Build.0 = Release|Any CPU
	EndGlobalSection
	GlobalSection(SolutionProperties) = preSolution
		HideSolutionNode = FALSE
	EndGlobalSection
	GlobalSection(ExtensibilityGlobals) = postSolution
		SolutionGuid = {929E0D93-91EA-492C-9FC7-71C5CAE25A54}
	EndGlobalSection
EndGlobal
